
Microsoft Visual Studio Solution File, Format Version 12.00
# Visual Studio Version 17
VisualStudioVersion = 17.6.33815.320
MinimumVisualStudioVersion = 10.0.40219.1
Project("{FAE04EC0-301F-11D3-BF4B-00C04F79EFBC}") = "Array.UX", "Array.UX\Array.UX.csproj", "{635100FC-232A-4752-993A-948EE34FF231}"
EndProject
Project("{FAE04EC0-301F-11D3-BF4B-00C04F79EFBC}") = "Array.Logic", "Array.Logic\Array.Logic.csproj", "{6B08A687-D0AD-4715-8FB7-2CD2D45DB3E1}"
EndProject
Global
	GlobalSection(SolutionConfigurationPlatforms) = preSolution
		Debug|Any CPU = Debug|Any CPU
		Release|Any CPU = Release|Any CPU
	EndGlobalSection
	GlobalSection(ProjectConfigurationPlatforms) = postSolution
		{635100FC-232A-4752-993A-948EE34FF231}.Debug|Any CPU.ActiveCfg = Debug|Any CPU
		{635100FC-232A-4752-993A-948EE34FF231}.Debug|Any CPU.Build.0 = Debug|Any CPU
		{635100FC-232A-4752-993A-948EE34FF231}.Release|Any CPU.ActiveCfg = Release|Any CPU
		{635100FC-232A-4752-993A-948EE34FF231}.Release|Any CPU.Build.0 = Release|Any CPU
		{6B08A687-D0AD-4715-8FB7-2CD2D45DB3E1}.Debug|Any CPU.ActiveCfg = Debug|Any CPU
		{6B08A687-D0AD-4715-8FB7-2CD2D45DB3E1}.Debug|Any CPU.Build.0 = Debug|Any CPU
		{6B08A687-D0AD-4715-8FB7-2CD2D45DB3E1}.Release|Any CPU.ActiveCfg = Release|Any CPU
		{6B08A687-D0AD-4715-8FB7-2CD2D45DB3E1}.Release|Any CPU.Build.0 = Release|Any CPU
	EndGlobalSection
	GlobalSection(SolutionProperties) = preSolution
		HideSolutionNode = FALSE
	EndGlobalSection
	GlobalSection(ExtensibilityGlobals) = postSolution
		SolutionGuid = {B9669175-5242-45DD-8A38-5421FD8028CE}
	EndGlobalSection
EndGlobal
